// !$*UTF8*$!
{
	archiveVersion = 1;
	classes = {
	};
	objectVersion = 55;
	objects = {

/* Begin PBXBuildFile section */
		53D9275147BA8711C5C8D889 /* Pods_ZLDemo.framework in Frameworks */ = {isa = PBXBuildFile; fileRef = 7D3A235B5A126564C2F0F504 /* Pods_ZLDemo.framework */; };
		E649DCEB2882E6EF00E28FF1 /* HomeViewController.m in Sources */ = {isa = PBXBuildFile; fileRef = E649DCEA2882E6EF00E28FF1 /* HomeViewController.m */; };
		E649DCEE2882EA0200E28FF1 /* SessionViewController.m in Sources */ = {isa = PBXBuildFile; fileRef = E649DCED2882EA0200E28FF1 /* SessionViewController.m */; };
		E649DCF02882F0B100E28FF1 /* AVFoundation.framework in Frameworks */ = {isa = PBXBuildFile; fileRef = E649DCEF2882F0B100E28FF1 /* AVFoundation.framework */; };
		E649DCF32882F5EF00E28FF1 /* PlayerViewController.m in Sources */ = {isa = PBXBuildFile; fileRef = E649DCF22882F5EF00E28FF1 /* PlayerViewController.m */; };
		E692E5532886DC380020E615 /* LoginViewController.m in Sources */ = {isa = PBXBuildFile; fileRef = E692E5522886DC380020E615 /* LoginViewController.m */; };
		E692E5572886DD490020E615 /* ZLSession.m in Sources */ = {isa = PBXBuildFile; fileRef = E692E5562886DD490020E615 /* ZLSession.m */; };
		E692E55A2886E66A0020E615 /* UserListViewController.m in Sources */ = {isa = PBXBuildFile; fileRef = E692E5592886E66A0020E615 /* UserListViewController.m */; };
		E69D7188289CE3F80047A5E3 /* ChatViewController.m in Sources */ = {isa = PBXBuildFile; fileRef = E69D7187289CE3F80047A5E3 /* ChatViewController.m */; };
		E6AC8DD2289CF25D00FECCA1 /* ReceiveChatViewController.m in Sources */ = {isa = PBXBuildFile; fileRef = E6AC8DD1289CF25D00FECCA1 /* ReceiveChatViewController.m */; };
		E6AF78232879BC330099A7FA /* AppDelegate.m in Sources */ = {isa = PBXBuildFile; fileRef = E6AF78222879BC330099A7FA /* AppDelegate.m */; };
		E6AF78262879BC330099A7FA /* SceneDelegate.m in Sources */ = {isa = PBXBuildFile; fileRef = E6AF78252879BC330099A7FA /* SceneDelegate.m */; };
		E6AF78292879BC330099A7FA /* ViewController.m in Sources */ = {isa = PBXBuildFile; fileRef = E6AF78282879BC330099A7FA /* ViewController.m */; };
		E6AF782C2879BC330099A7FA /* Main.storyboard in Resources */ = {isa = PBXBuildFile; fileRef = E6AF782A2879BC330099A7FA /* Main.storyboard */; };
		E6AF782E2879BC350099A7FA /* Assets.xcassets in Resources */ = {isa = PBXBuildFile; fileRef = E6AF782D2879BC350099A7FA /* Assets.xcassets */; };
		E6AF78312879BC350099A7FA /* LaunchScreen.storyboard in Resources */ = {isa = PBXBuildFile; fileRef = E6AF782F2879BC350099A7FA /* LaunchScreen.storyboard */; };
		E6AF78342879BC350099A7FA /* main.m in Sources */ = {isa = PBXBuildFile; fileRef = E6AF78332879BC350099A7FA /* main.m */; };
		E6C517652887BBC600F02557 /* UpdateViewController.m in Sources */ = {isa = PBXBuildFile; fileRef = E6C517642887BBC600F02557 /* UpdateViewController.m */; };
		E6DC35BE2892432E0003DB6C /* ZLTabBarController.m in Sources */ = {isa = PBXBuildFile; fileRef = E6DC35BD2892432E0003DB6C /* ZLTabBarController.m */; };
		E6DC35C1289243D60003DB6C /* MyViewController.m in Sources */ = {isa = PBXBuildFile; fileRef = E6DC35C0289243D60003DB6C /* MyViewController.m */; };
/* End PBXBuildFile section */

/* Begin PBXFileReference section */
		00B3620CB2E891EF6CDF7F90 /* Pods-ZLDemo.release.xcconfig */ = {isa = PBXFileReference; includeInIndex = 1; lastKnownFileType = text.xcconfig; name = "Pods-ZLDemo.release.xcconfig"; path = "Target Support Files/Pods-ZLDemo/Pods-ZLDemo.release.xcconfig"; sourceTree = "<group>"; };
		6B06343198628C2B878CAF5E /* Pods-ZLDemo.debug.xcconfig */ = {isa = PBXFileReference; includeInIndex = 1; lastKnownFileType = text.xcconfig; name = "Pods-ZLDemo.debug.xcconfig"; path = "Target Support Files/Pods-ZLDemo/Pods-ZLDemo.debug.xcconfig"; sourceTree = "<group>"; };
		7D3A235B5A126564C2F0F504 /* Pods_ZLDemo.framework */ = {isa = PBXFileReference; explicitFileType = wrapper.framework; includeInIndex = 0; path = Pods_ZLDemo.framework; sourceTree = BUILT_PRODUCTS_DIR; };
		E649DCE92882E6EF00E28FF1 /* HomeViewController.h */ = {isa = PBXFileReference; lastKnownFileType = sourcecode.c.h; path = HomeViewController.h; sourceTree = "<group>"; };
		E649DCEA2882E6EF00E28FF1 /* HomeViewController.m */ = {isa = PBXFileReference; lastKnownFileType = sourcecode.c.objc; path = HomeViewController.m; sourceTree = "<group>"; };
		E649DCEC2882EA0200E28FF1 /* SessionViewController.h */ = {isa = PBXFileReference; lastKnownFileType = sourcecode.c.h; path = SessionViewController.h; sourceTree = "<group>"; };
		E649DCED2882EA0200E28FF1 /* SessionViewController.m */ = {isa = PBXFileReference; lastKnownFileType = sourcecode.c.objc; path = SessionViewController.m; sourceTree = "<group>"; };
		E649DCEF2882F0B100E28FF1 /* AVFoundation.framework */ = {isa = PBXFileReference; lastKnownFileType = wrapper.framework; name = AVFoundation.framework; path = System/Library/Frameworks/AVFoundation.framework; sourceTree = SDKROOT; };
		E649DCF12882F5EF00E28FF1 /* PlayerViewController.h */ = {isa = PBXFileReference; lastKnownFileType = sourcecode.c.h; path = PlayerViewController.h; sourceTree = "<group>"; };
		E649DCF22882F5EF00E28FF1 /* PlayerViewController.m */ = {isa = PBXFileReference; lastKnownFileType = sourcecode.c.objc; path = PlayerViewController.m; sourceTree = "<group>"; };
		E692E5512886DC380020E615 /* LoginViewController.h */ = {isa = PBXFileReference; lastKnownFileType = sourcecode.c.h; path = LoginViewController.h; sourceTree = "<group>"; };
		E692E5522886DC380020E615 /* LoginViewController.m */ = {isa = PBXFileReference; lastKnownFileType = sourcecode.c.objc; path = LoginViewController.m; sourceTree = "<group>"; };
		E692E5552886DD490020E615 /* ZLSession.h */ = {isa = PBXFileReference; fileEncoding = 4; lastKnownFileType = sourcecode.c.h; path = ZLSession.h; sourceTree = "<group>"; };
		E692E5562886DD490020E615 /* ZLSession.m */ = {isa = PBXFileReference; fileEncoding = 4; lastKnownFileType = sourcecode.c.objc; path = ZLSession.m; sourceTree = "<group>"; };
		E692E5582886E66A0020E615 /* UserListViewController.h */ = {isa = PBXFileReference; lastKnownFileType = sourcecode.c.h; path = UserListViewController.h; sourceTree = "<group>"; };
		E692E5592886E66A0020E615 /* UserListViewController.m */ = {isa = PBXFileReference; lastKnownFileType = sourcecode.c.objc; path = UserListViewController.m; sourceTree = "<group>"; };
		E69D7186289CE3F80047A5E3 /* ChatViewController.h */ = {isa = PBXFileReference; lastKnownFileType = sourcecode.c.h; path = ChatViewController.h; sourceTree = "<group>"; };
		E69D7187289CE3F80047A5E3 /* ChatViewController.m */ = {isa = PBXFileReference; lastKnownFileType = sourcecode.c.objc; path = ChatViewController.m; sourceTree = "<group>"; };
		E6AC8DD0289CF25D00FECCA1 /* ReceiveChatViewController.h */ = {isa = PBXFileReference; lastKnownFileType = sourcecode.c.h; path = ReceiveChatViewController.h; sourceTree = "<group>"; };
		E6AC8DD1289CF25D00FECCA1 /* ReceiveChatViewController.m */ = {isa = PBXFileReference; lastKnownFileType = sourcecode.c.objc; path = ReceiveChatViewController.m; sourceTree = "<group>"; };
		E6AF781E2879BC330099A7FA /* ZLDemo.app */ = {isa = PBXFileReference; explicitFileType = wrapper.application; includeInIndex = 0; path = ZLDemo.app; sourceTree = BUILT_PRODUCTS_DIR; };
		E6AF78212879BC330099A7FA /* AppDelegate.h */ = {isa = PBXFileReference; lastKnownFileType = sourcecode.c.h; path = AppDelegate.h; sourceTree = "<group>"; };
		E6AF78222879BC330099A7FA /* AppDelegate.m */ = {isa = PBXFileReference; lastKnownFileType = sourcecode.c.objc; path = AppDelegate.m; sourceTree = "<group>"; };
		E6AF78242879BC330099A7FA /* SceneDelegate.h */ = {isa = PBXFileReference; lastKnownFileType = sourcecode.c.h; path = SceneDelegate.h; sourceTree = "<group>"; };
		E6AF78252879BC330099A7FA /* SceneDelegate.m */ = {isa = PBXFileReference; lastKnownFileType = sourcecode.c.objc; path = SceneDelegate.m; sourceTree = "<group>"; };
		E6AF78272879BC330099A7FA /* ViewController.h */ = {isa = PBXFileReference; lastKnownFileType = sourcecode.c.h; path = ViewController.h; sourceTree = "<group>"; };
		E6AF78282879BC330099A7FA /* ViewController.m */ = {isa = PBXFileReference; lastKnownFileType = sourcecode.c.objc; path = ViewController.m; sourceTree = "<group>"; };
		E6AF782B2879BC330099A7FA /* Base */ = {isa = PBXFileReference; lastKnownFileType = file.storyboard; name = Base; path = Base.lproj/Main.storyboard; sourceTree = "<group>"; };
		E6AF782D2879BC350099A7FA /* Assets.xcassets */ = {isa = PBXFileReference; lastKnownFileType = folder.assetcatalog; path = Assets.xcassets; sourceTree = "<group>"; };
		E6AF78302879BC350099A7FA /* Base */ = {isa = PBXFileReference; lastKnownFileType = file.storyboard; name = Base; path = Base.lproj/LaunchScreen.storyboard; sourceTree = "<group>"; };
		E6AF78322879BC350099A7FA /* Info.plist */ = {isa = PBXFileReference; lastKnownFileType = text.plist.xml; path = Info.plist; sourceTree = "<group>"; };
		E6AF78332879BC350099A7FA /* main.m */ = {isa = PBXFileReference; lastKnownFileType = sourcecode.c.objc; path = main.m; sourceTree = "<group>"; };
		E6C517632887BBC600F02557 /* UpdateViewController.h */ = {isa = PBXFileReference; lastKnownFileType = sourcecode.c.h; path = UpdateViewController.h; sourceTree = "<group>"; };
		E6C517642887BBC600F02557 /* UpdateViewController.m */ = {isa = PBXFileReference; lastKnownFileType = sourcecode.c.objc; path = UpdateViewController.m; sourceTree = "<group>"; };
		E6DC35BC2892432E0003DB6C /* ZLTabBarController.h */ = {isa = PBXFileReference; lastKnownFileType = sourcecode.c.h; path = ZLTabBarController.h; sourceTree = "<group>"; };
		E6DC35BD2892432E0003DB6C /* ZLTabBarController.m */ = {isa = PBXFileReference; lastKnownFileType = sourcecode.c.objc; path = ZLTabBarController.m; sourceTree = "<group>"; };
		E6DC35BF289243D60003DB6C /* MyViewController.h */ = {isa = PBXFileReference; lastKnownFileType = sourcecode.c.h; path = MyViewController.h; sourceTree = "<group>"; };
		E6DC35C0289243D60003DB6C /* MyViewController.m */ = {isa = PBXFileReference; lastKnownFileType = sourcecode.c.objc; path = MyViewController.m; sourceTree = "<group>"; };
/* End PBXFileReference section */

/* Begin PBXFrameworksBuildPhase section */
		E6AF781B2879BC330099A7FA /* Frameworks */ = {
			isa = PBXFrameworksBuildPhase;
			buildActionMask = 2147483647;
			files = (
				E649DCF02882F0B100E28FF1 /* AVFoundation.framework in Frameworks */,
				53D9275147BA8711C5C8D889 /* Pods_ZLDemo.framework in Frameworks */,
			);
			runOnlyForDeploymentPostprocessing = 0;
		};
/* End PBXFrameworksBuildPhase section */

/* Begin PBXGroup section */
		2D6B7C6A6A6202D785D9B09E /* Pods */ = {
			isa = PBXGroup;
			children = (
				6B06343198628C2B878CAF5E /* Pods-ZLDemo.debug.xcconfig */,
				00B3620CB2E891EF6CDF7F90 /* Pods-ZLDemo.release.xcconfig */,
			);
			path = Pods;
			sourceTree = "<group>";
		};
		E692E5542886DD490020E615 /* ZLSession */ = {
			isa = PBXGroup;
			children = (
				E692E5552886DD490020E615 /* ZLSession.h */,
				E692E5562886DD490020E615 /* ZLSession.m */,
			);
			path = ZLSession;
			sourceTree = "<group>";
		};
		E6AF78152879BC330099A7FA = {
			isa = PBXGroup;
			children = (
				E6AF78202879BC330099A7FA /* ZLDemo */,
				E6AF781F2879BC330099A7FA /* Products */,
				2D6B7C6A6A6202D785D9B09E /* Pods */,
				F4C45CB659079BF5AAC609DC /* Frameworks */,
			);
			sourceTree = "<group>";
		};
		E6AF781F2879BC330099A7FA /* Products */ = {
			isa = PBXGroup;
			children = (
				E6AF781E2879BC330099A7FA /* ZLDemo.app */,
			);
			name = Products;
			sourceTree = "<group>";
		};
		E6AF78202879BC330099A7FA /* ZLDemo */ = {
			isa = PBXGroup;
			children = (
				E692E5542886DD490020E615 /* ZLSession */,
				E6AF78212879BC330099A7FA /* AppDelegate.h */,
				E6AF78222879BC330099A7FA /* AppDelegate.m */,
				E6AF78242879BC330099A7FA /* SceneDelegate.h */,
				E6AF78252879BC330099A7FA /* SceneDelegate.m */,
				E6AF78272879BC330099A7FA /* ViewController.h */,
				E6AF78282879BC330099A7FA /* ViewController.m */,
				E6AF782A2879BC330099A7FA /* Main.storyboard */,
				E6AF782D2879BC350099A7FA /* Assets.xcassets */,
				E6AF782F2879BC350099A7FA /* LaunchScreen.storyboard */,
				E6AF78322879BC350099A7FA /* Info.plist */,
				E6AF78332879BC350099A7FA /* main.m */,
				E649DCE92882E6EF00E28FF1 /* HomeViewController.h */,
				E649DCEA2882E6EF00E28FF1 /* HomeViewController.m */,
				E649DCEC2882EA0200E28FF1 /* SessionViewController.h */,
				E649DCED2882EA0200E28FF1 /* SessionViewController.m */,
				E649DCF12882F5EF00E28FF1 /* PlayerViewController.h */,
				E649DCF22882F5EF00E28FF1 /* PlayerViewController.m */,
				E692E5512886DC380020E615 /* LoginViewController.h */,
				E692E5522886DC380020E615 /* LoginViewController.m */,
				E692E5582886E66A0020E615 /* UserListViewController.h */,
				E692E5592886E66A0020E615 /* UserListViewController.m */,
				E6C517632887BBC600F02557 /* UpdateViewController.h */,
				E6C517642887BBC600F02557 /* UpdateViewController.m */,
				E6DC35BC2892432E0003DB6C /* ZLTabBarController.h */,
				E6DC35BD2892432E0003DB6C /* ZLTabBarController.m */,
				E6DC35BF289243D60003DB6C /* MyViewController.h */,
				E6DC35C0289243D60003DB6C /* MyViewController.m */,
				E69D7186289CE3F80047A5E3 /* ChatViewController.h */,
				E69D7187289CE3F80047A5E3 /* ChatViewController.m */,
				E6AC8DD0289CF25D00FECCA1 /* ReceiveChatViewController.h */,
				E6AC8DD1289CF25D00FECCA1 /* ReceiveChatViewController.m */,
			);
			path = ZLDemo;
			sourceTree = "<group>";
		};
		F4C45CB659079BF5AAC609DC /* Frameworks */ = {
			isa = PBXGroup;
			children = (
				E649DCEF2882F0B100E28FF1 /* AVFoundation.framework */,
				7D3A235B5A126564C2F0F504 /* Pods_ZLDemo.framework */,
			);
			name = Frameworks;
			sourceTree = "<group>";
		};
/* End PBXGroup section */

/* Begin PBXNativeTarget section */
		E6AF781D2879BC330099A7FA /* ZLDemo */ = {
			isa = PBXNativeTarget;
			buildConfigurationList = E6AF78372879BC350099A7FA /* Build configuration list for PBXNativeTarget "ZLDemo" */;
			buildPhases = (
				06C589F65988FC8D1E07914A /* [CP] Check Pods Manifest.lock */,
				E6AF781A2879BC330099A7FA /* Sources */,
				E6AF781B2879BC330099A7FA /* Frameworks */,
				E6AF781C2879BC330099A7FA /* Resources */,
				BCA08F48F501D102EF88462E /* [CP] Embed Pods Frameworks */,
			);
			buildRules = (
			);
			dependencies = (
			);
			name = ZLDemo;
			productName = ZLDemo;
			productReference = E6AF781E2879BC330099A7FA /* ZLDemo.app */;
			productType = "com.apple.product-type.application";
		};
/* End PBXNativeTarget section */

/* Begin PBXProject section */
		E6AF78162879BC330099A7FA /* Project object */ = {
			isa = PBXProject;
			attributes = {
				BuildIndependentTargetsInParallel = 1;
				LastUpgradeCheck = 1320;
				TargetAttributes = {
					E6AF781D2879BC330099A7FA = {
						CreatedOnToolsVersion = 13.2.1;
					};
				};
			};
			buildConfigurationList = E6AF78192879BC330099A7FA /* Build configuration list for PBXProject "ZLDemo" */;
			compatibilityVersion = "Xcode 13.0";
			developmentRegion = en;
			hasScannedForEncodings = 0;
			knownRegions = (
				en,
				Base,
			);
			mainGroup = E6AF78152879BC330099A7FA;
			productRefGroup = E6AF781F2879BC330099A7FA /* Products */;
			projectDirPath = "";
			projectRoot = "";
			targets = (
				E6AF781D2879BC330099A7FA /* ZLDemo */,
			);
		};
/* End PBXProject section */

/* Begin PBXResourcesBuildPhase section */
		E6AF781C2879BC330099A7FA /* Resources */ = {
			isa = PBXResourcesBuildPhase;
			buildActionMask = 2147483647;
			files = (
				E6AF78312879BC350099A7FA /* LaunchScreen.storyboard in Resources */,
				E6AF782E2879BC350099A7FA /* Assets.xcassets in Resources */,
				E6AF782C2879BC330099A7FA /* Main.storyboard in Resources */,
			);
			runOnlyForDeploymentPostprocessing = 0;
		};
/* End PBXResourcesBuildPhase section */

/* Begin PBXShellScriptBuildPhase section */
		06C589F65988FC8D1E07914A /* [CP] Check Pods Manifest.lock */ = {
			isa = PBXShellScriptBuildPhase;
			buildActionMask = 2147483647;
			files = (
			);
			inputFileListPaths = (
			);
			inputPaths = (
				"${PODS_PODFILE_DIR_PATH}/Podfile.lock",
				"${PODS_ROOT}/Manifest.lock",
			);
			name = "[CP] Check Pods Manifest.lock";
			outputFileListPaths = (
			);
			outputPaths = (
				"$(DERIVED_FILE_DIR)/Pods-ZLDemo-checkManifestLockResult.txt",
			);
			runOnlyForDeploymentPostprocessing = 0;
			shellPath = /bin/sh;
			shellScript = "diff \"${PODS_PODFILE_DIR_PATH}/Podfile.lock\" \"${PODS_ROOT}/Manifest.lock\" > /dev/null\nif [ $? != 0 ] ; then\n    # print error to STDERR\n    echo \"error: The sandbox is not in sync with the Podfile.lock. Run 'pod install' or update your CocoaPods installation.\" >&2\n    exit 1\nfi\n# This output is used by Xcode 'outputs' to avoid re-running this script phase.\necho \"SUCCESS\" > \"${SCRIPT_OUTPUT_FILE_0}\"\n";
			showEnvVarsInLog = 0;
		};
		BCA08F48F501D102EF88462E /* [CP] Embed Pods Frameworks */ = {
			isa = PBXShellScriptBuildPhase;
			buildActionMask = 2147483647;
			files = (
			);
			inputFileListPaths = (
				"${PODS_ROOT}/Target Support Files/Pods-ZLDemo/Pods-ZLDemo-frameworks-${CONFIGURATION}-input-files.xcfilelist",
			);
			name = "[CP] Embed Pods Frameworks";
			outputFileListPaths = (
				"${PODS_ROOT}/Target Support Files/Pods-ZLDemo/Pods-ZLDemo-frameworks-${CONFIGURATION}-output-files.xcfilelist",
			);
			runOnlyForDeploymentPostprocessing = 0;
			shellPath = /bin/sh;
			shellScript = "\"${PODS_ROOT}/Target Support Files/Pods-ZLDemo/Pods-ZLDemo-frameworks.sh\"\n";
			showEnvVarsInLog = 0;
		};
/* End PBXShellScriptBuildPhase section */

/* Begin PBXSourcesBuildPhase section */
		E6AF781A2879BC330099A7FA /* Sources */ = {
			isa = PBXSourcesBuildPhase;
			buildActionMask = 2147483647;
			files = (
				E692E5532886DC380020E615 /* LoginViewController.m in Sources */,
				E692E55A2886E66A0020E615 /* UserListViewController.m in Sources */,
				E649DCF32882F5EF00E28FF1 /* PlayerViewController.m in Sources */,
				E6AF78292879BC330099A7FA /* ViewController.m in Sources */,
				E6C517652887BBC600F02557 /* UpdateViewController.m in Sources */,
				E6DC35BE2892432E0003DB6C /* ZLTabBarController.m in Sources */,
				E6AF78232879BC330099A7FA /* AppDelegate.m in Sources */,
				E6AF78342879BC350099A7FA /* main.m in Sources */,
				E692E5572886DD490020E615 /* ZLSession.m in Sources */,
				E649DCEB2882E6EF00E28FF1 /* HomeViewController.m in Sources */,
				E6AF78262879BC330099A7FA /* SceneDelegate.m in Sources */,
				E6AC8DD2289CF25D00FECCA1 /* ReceiveChatViewController.m in Sources */,
				E649DCEE2882EA0200E28FF1 /* SessionViewController.m in Sources */,
				E69D7188289CE3F80047A5E3 /* ChatViewController.m in Sources */,
				E6DC35C1289243D60003DB6C /* MyViewController.m in Sources */,
			);
			runOnlyForDeploymentPostprocessing = 0;
		};
/* End PBXSourcesBuildPhase section */

/* Begin PBXVariantGroup section */
		E6AF782A2879BC330099A7FA /* Main.storyboard */ = {
			isa = PBXVariantGroup;
			children = (
				E6AF782B2879BC330099A7FA /* Base */,
			);
			name = Main.storyboard;
			sourceTree = "<group>";
		};
		E6AF782F2879BC350099A7FA /* LaunchScreen.storyboard */ = {
			isa = PBXVariantGroup;
			children = (
				E6AF78302879BC350099A7FA /* Base */,
			);
			name = LaunchScreen.storyboard;
			sourceTree = "<group>";
		};
/* End PBXVariantGroup section */

/* Begin XCBuildConfiguration section */
		E6AF78352879BC350099A7FA /* Debug */ = {
			isa = XCBuildConfiguration;
			buildSettings = {
				ALWAYS_SEARCH_USER_PATHS = NO;
				CLANG_ANALYZER_NONNULL = YES;
				CLANG_ANALYZER_NUMBER_OBJECT_CONVERSION = YES_AGGRESSIVE;
				CLANG_CXX_LANGUAGE_STANDARD = "gnu++17";
				CLANG_CXX_LIBRARY = "libc++";
				CLANG_ENABLE_MODULES = YES;
				CLANG_ENABLE_OBJC_ARC = YES;
				CLANG_ENABLE_OBJC_WEAK = YES;
				CLANG_WARN_BLOCK_CAPTURE_AUTORELEASING = YES;
				CLANG_WARN_BOOL_CONVERSION = YES;
				CLANG_WARN_COMMA = YES;
				CLANG_WARN_CONSTANT_CONVERSION = YES;
				CLANG_WARN_DEPRECATED_OBJC_IMPLEMENTATIONS = YES;
				CLANG_WARN_DIRECT_OBJC_ISA_USAGE = YES_ERROR;
				CLANG_WARN_DOCUMENTATION_COMMENTS = YES;
				CLANG_WARN_EMPTY_BODY = YES;
				CLANG_WARN_ENUM_CONVERSION = YES;
				CLANG_WARN_INFINITE_RECURSION = YES;
				CLANG_WARN_INT_CONVERSION = YES;
				CLANG_WARN_NON_LITERAL_NULL_CONVERSION = YES;
				CLANG_WARN_OBJC_IMPLICIT_RETAIN_SELF = YES;
				CLANG_WARN_OBJC_LITERAL_CONVERSION = YES;
				CLANG_WARN_OBJC_ROOT_CLASS = YES_ERROR;
				CLANG_WARN_QUOTED_INCLUDE_IN_FRAMEWORK_HEADER = YES;
				CLANG_WARN_RANGE_LOOP_ANALYSIS = YES;
				CLANG_WARN_STRICT_PROTOTYPES = YES;
				CLANG_WARN_SUSPICIOUS_MOVE = YES;
				CLANG_WARN_UNGUARDED_AVAILABILITY = YES_AGGRESSIVE;
				CLANG_WARN_UNREACHABLE_CODE = YES;
				CLANG_WARN__DUPLICATE_METHOD_MATCH = YES;
				COPY_PHASE_STRIP = NO;
				DEBUG_INFORMATION_FORMAT = dwarf;
				ENABLE_STRICT_OBJC_MSGSEND = YES;
				ENABLE_TESTABILITY = YES;
				GCC_C_LANGUAGE_STANDARD = gnu11;
				GCC_DYNAMIC_NO_PIC = NO;
				GCC_NO_COMMON_BLOCKS = YES;
				GCC_OPTIMIZATION_LEVEL = 0;
				GCC_PREPROCESSOR_DEFINITIONS = (
					"DEBUG=1",
					"$(inherited)",
				);
				GCC_WARN_64_TO_32_BIT_CONVERSION = YES;
				GCC_WARN_ABOUT_RETURN_TYPE = YES_ERROR;
				GCC_WARN_UNDECLARED_SELECTOR = YES;
				GCC_WARN_UNINITIALIZED_AUTOS = YES_AGGRESSIVE;
				GCC_WARN_UNUSED_FUNCTION = YES;
				GCC_WARN_UNUSED_VARIABLE = YES;
				IPHONEOS_DEPLOYMENT_TARGET = 15.2;
				MTL_ENABLE_DEBUG_INFO = INCLUDE_SOURCE;
				MTL_FAST_MATH = YES;
				ONLY_ACTIVE_ARCH = YES;
				SDKROOT = iphoneos;
			};
			name = Debug;
		};
		E6AF78362879BC350099A7FA /* Release */ = {
			isa = XCBuildConfiguration;
			buildSettings = {
				ALWAYS_SEARCH_USER_PATHS = NO;
				CLANG_ANALYZER_NONNULL = YES;
				CLANG_ANALYZER_NUMBER_OBJECT_CONVERSION = YES_AGGRESSIVE;
				CLANG_CXX_LANGUAGE_STANDARD = "gnu++17";
				CLANG_CXX_LIBRARY = "libc++";
				CLANG_ENABLE_MODULES = YES;
				CLANG_ENABLE_OBJC_ARC = YES;
				CLANG_ENABLE_OBJC_WEAK = YES;
				CLANG_WARN_BLOCK_CAPTURE_AUTORELEASING = YES;
				CLANG_WARN_BOOL_CONVERSION = YES;
				CLANG_WARN_COMMA = YES;
				CLANG_WARN_CONSTANT_CONVERSION = YES;
				CLANG_WARN_DEPRECATED_OBJC_IMPLEMENTATIONS = YES;
				CLANG_WARN_DIRECT_OBJC_ISA_USAGE = YES_ERROR;
				CLANG_WARN_DOCUMENTATION_COMMENTS = YES;
				CLANG_WARN_EMPTY_BODY = YES;
				CLANG_WARN_ENUM_CONVERSION = YES;
				CLANG_WARN_INFINITE_RECURSION = YES;
				CLANG_WARN_INT_CONVERSION = YES;
				CLANG_WARN_NON_LITERAL_NULL_CONVERSION = YES;
				CLANG_WARN_OBJC_IMPLICIT_RETAIN_SELF = YES;
				CLANG_WARN_OBJC_LITERAL_CONVERSION = YES;
				CLANG_WARN_OBJC_ROOT_CLASS = YES_ERROR;
				CLANG_WARN_QUOTED_INCLUDE_IN_FRAMEWORK_HEADER = YES;
				CLANG_WARN_RANGE_LOOP_ANALYSIS = YES;
				CLANG_WARN_STRICT_PROTOTYPES = YES;
				CLANG_WARN_SUSPICIOUS_MOVE = YES;
				CLANG_WARN_UNGUARDED_AVAILABILITY = YES_AGGRESSIVE;
				CLANG_WARN_UNREACHABLE_CODE = YES;
				CLANG_WARN__DUPLICATE_METHOD_MATCH = YES;
				COPY_PHASE_STRIP = NO;
				DEBUG_INFORMATION_FORMAT = "dwarf-with-dsym";
				ENABLE_NS_ASSERTIONS = NO;
				ENABLE_STRICT_OBJC_MSGSEND = YES;
				GCC_C_LANGUAGE_STANDARD = gnu11;
				GCC_NO_COMMON_BLOCKS = YES;
				GCC_WARN_64_TO_32_BIT_CONVERSION = YES;
				GCC_WARN_ABOUT_RETURN_TYPE = YES_ERROR;
				GCC_WARN_UNDECLARED_SELECTOR = YES;
				GCC_WARN_UNINITIALIZED_AUTOS = YES_AGGRESSIVE;
				GCC_WARN_UNUSED_FUNCTION = YES;
				GCC_WARN_UNUSED_VARIABLE = YES;
				IPHONEOS_DEPLOYMENT_TARGET = 15.2;
				MTL_ENABLE_DEBUG_INFO = NO;
				MTL_FAST_MATH = YES;
				SDKROOT = iphoneos;
				VALIDATE_PRODUCT = YES;
			};
			name = Release;
		};
		E6AF78382879BC350099A7FA /* Debug */ = {
			isa = XCBuildConfiguration;
			baseConfigurationReference = 6B06343198628C2B878CAF5E /* Pods-ZLDemo.debug.xcconfig */;
			buildSettings = {
				ASSETCATALOG_COMPILER_APPICON_NAME = AppIcon;
				ASSETCATALOG_COMPILER_GLOBAL_ACCENT_COLOR_NAME = AccentColor;
				CODE_SIGN_STYLE = Automatic;
				CURRENT_PROJECT_VERSION = 1;
				DEVELOPMENT_TEAM = L4G6LPMXGL;
				GENERATE_INFOPLIST_FILE = YES;
				INFOPLIST_FILE = ZLDemo/Info.plist;
				INFOPLIST_KEY_UIApplicationSupportsIndirectInputEvents = YES;
				INFOPLIST_KEY_UILaunchStoryboardName = LaunchScreen;
				INFOPLIST_KEY_UISupportedInterfaceOrientations_iPad = "UIInterfaceOrientationPortrait UIInterfaceOrientationPortraitUpsideDown UIInterfaceOrientationLandscapeLeft UIInterfaceOrientationLandscapeRight";
				INFOPLIST_KEY_UISupportedInterfaceOrientations_iPhone = "UIInterfaceOrientationPortrait UIInterfaceOrientationLandscapeLeft UIInterfaceOrientationLandscapeRight";
				IPHONEOS_DEPLOYMENT_TARGET = 15.2;
				LD_RUNPATH_SEARCH_PATHS = (
					"$(inherited)",
					"@executable_path/Frameworks",
				);
				MARKETING_VERSION = 1.0;
				PRODUCT_BUNDLE_IDENTIFIER = com.jayZhang.ZLDemo;
				PRODUCT_NAME = "$(TARGET_NAME)";
				SWIFT_EMIT_LOC_STRINGS = YES;
				TARGETED_DEVICE_FAMILY = "1,2";
			};
			name = Debug;
		};
		E6AF78392879BC350099A7FA /* Release */ = {
			isa = XCBuildConfiguration;
			baseConfigurationReference = 00B3620CB2E891EF6CDF7F90 /* Pods-ZLDemo.release.xcconfig */;
			buildSettings = {
				ASSETCATALOG_COMPILER_APPICON_NAME = AppIcon;
				ASSETCATALOG_COMPILER_GLOBAL_ACCENT_COLOR_NAME = AccentColor;
				CODE_SIGN_STYLE = Automatic;
				CURRENT_PROJECT_VERSION = 1;
				DEVELOPMENT_TEAM = L4G6LPMXGL;
				GENERATE_INFOPLIST_FILE = YES;
				INFOPLIST_FILE = ZLDemo/Info.plist;
				INFOPLIST_KEY_UIApplicationSupportsIndirectInputEvents = YES;
				INFOPLIST_KEY_UILaunchStoryboardName = LaunchScreen;
				INFOPLIST_KEY_UISupportedInterfaceOrientations_iPad = "UIInterfaceOrientationPortrait UIInterfaceOrientationPortraitUpsideDown UIInterfaceOrientationLandscapeLeft UIInterfaceOrientationLandscapeRight";
				INFOPLIST_KEY_UISupportedInterfaceOrientations_iPhone = "UIInterfaceOrientationPortrait UIInterfaceOrientationLandscapeLeft UIInterfaceOrientationLandscapeRight";
				IPHONEOS_DEPLOYMENT_TARGET = 15.2;
				LD_RUNPATH_SEARCH_PATHS = (
					"$(inherited)",
					"@executable_path/Frameworks",
				);
				MARKETING_VERSION = 1.0;
				PRODUCT_BUNDLE_IDENTIFIER = com.jayZhang.ZLDemo;
				PRODUCT_NAME = "$(TARGET_NAME)";
				SWIFT_EMIT_LOC_STRINGS = YES;
				TARGETED_DEVICE_FAMILY = "1,2";
			};
			name = Release;
		};
/* End XCBuildConfiguration section */

/* Begin XCConfigurationList section */
		E6AF78192879BC330099A7FA /* Build configuration list for PBXProject "ZLDemo" */ = {
			isa = XCConfigurationList;
			buildConfigurations = (
				E6AF78352879BC350099A7FA /* Debug */,
				E6AF78362879BC350099A7FA /* Release */,
			);
			defaultConfigurationIsVisible = 0;
			defaultConfigurationName = Release;
		};
		E6AF78372879BC350099A7FA /* Build configuration list for PBXNativeTarget "ZLDemo" */ = {
			isa = XCConfigurationList;
			buildConfigurations = (
				E6AF78382879BC350099A7FA /* Debug */,
				E6AF78392879BC350099A7FA /* Release */,
			);
			defaultConfigurationIsVisible = 0;
			defaultConfigurationName = Release;
		};
/* End XCConfigurationList section */
	};
	rootObject = E6AF78162879BC330099A7FA /* Project object */;
}
